// !$*UTF8*$!
{
	archiveVersion = 1;
	classes = {
	};
	objectVersion = 51;
	objects = {

/* Begin PBXBuildFile section */
		41584D8A2375476A00191C37 /* WKBaseView.m in Sources */ = {isa = PBXBuildFile; fileRef = 41584D872375476900191C37 /* WKBaseView.m */; };
		41584D8B2375476A00191C37 /* WKPopBaseView.m in Sources */ = {isa = PBXBuildFile; fileRef = 41584D892375476A00191C37 /* WKPopBaseView.m */; };
		41584D8E2375478900191C37 /* NSObject+WKKeyboardIsShow.m in Sources */ = {isa = PBXBuildFile; fileRef = 41584D8D2375478900191C37 /* NSObject+WKKeyboardIsShow.m */; };
		41584D97237547B900191C37 /* WSProgressHUD.m in Sources */ = {isa = PBXBuildFile; fileRef = 41584D91237547B900191C37 /* WSProgressHUD.m */; };
		41584D98237547B900191C37 /* WSIndefiniteAnimationView.m in Sources */ = {isa = PBXBuildFile; fileRef = 41584D94237547B900191C37 /* WSIndefiniteAnimationView.m */; };
		41584D99237547B900191C37 /* WSProgressBundle.bundle in Resources */ = {isa = PBXBuildFile; fileRef = 41584D95237547B900191C37 /* WSProgressBundle.bundle */; };
		41584D9A237547B900191C37 /* MMMaterialDesignSpinner.m in Sources */ = {isa = PBXBuildFile; fileRef = 41584D96237547B900191C37 /* MMMaterialDesignSpinner.m */; };
		41584D9D2375491400191C37 /* WKViewManager.m in Sources */ = {isa = PBXBuildFile; fileRef = 41584D9B2375491400191C37 /* WKViewManager.m */; };
		41584DA02375493D00191C37 /* AppDelegate+visableVC.m in Sources */ = {isa = PBXBuildFile; fileRef = 41584D9E2375493C00191C37 /* AppDelegate+visableVC.m */; };
		41584DA623754AA400191C37 /* NSMutableArray+ECAdd.m in Sources */ = {isa = PBXBuildFile; fileRef = 41584DA523754AA400191C37 /* NSMutableArray+ECAdd.m */; };
		41584DA92375535700191C37 /* ECIconDescControl.m in Sources */ = {isa = PBXBuildFile; fileRef = 41584DA82375535700191C37 /* ECIconDescControl.m */; };
		415D83FF236FC84D002F2DBB /* ECBaseNavViewController.m in Sources */ = {isa = PBXBuildFile; fileRef = 415D83FE236FC84D002F2DBB /* ECBaseNavViewController.m */; };
		415D8403236FCC0A002F2DBB /* ECMediaTakenView.m in Sources */ = {isa = PBXBuildFile; fileRef = 415D8402236FCC0A002F2DBB /* ECMediaTakenView.m */; };
		415D8407236FCE36002F2DBB /* ECHotTakenView.m in Sources */ = {isa = PBXBuildFile; fileRef = 415D8406236FCE36002F2DBB /* ECHotTakenView.m */; };
		415D840A236FCEB2002F2DBB /* ECTakenPhotoView.m in Sources */ = {isa = PBXBuildFile; fileRef = 415D8409236FCEB2002F2DBB /* ECTakenPhotoView.m */; };
		415D840D236FCEC0002F2DBB /* ECTakenVideoView.m in Sources */ = {isa = PBXBuildFile; fileRef = 415D840C236FCEC0002F2DBB /* ECTakenVideoView.m */; };
		415D8410236FCED1002F2DBB /* ECTakenEmoctionView.m in Sources */ = {isa = PBXBuildFile; fileRef = 415D840F236FCED1002F2DBB /* ECTakenEmoctionView.m */; };
		415D8415236FD1F1002F2DBB /* UIView+ECAdd.m in Sources */ = {isa = PBXBuildFile; fileRef = 415D8414236FD1F1002F2DBB /* UIView+ECAdd.m */; };
		415D841E2370006A002F2DBB /* NSMutableDictionary+ECAdd.m in Sources */ = {isa = PBXBuildFile; fileRef = 415D841D2370006A002F2DBB /* NSMutableDictionary+ECAdd.m */; };
		415D842223701BED002F2DBB /* ECGradientView.m in Sources */ = {isa = PBXBuildFile; fileRef = 415D842123701BED002F2DBB /* ECGradientView.m */; };
		4172EBF42501E7C4002012AF /* LGButton.m in Sources */ = {isa = PBXBuildFile; fileRef = 4172EBF22501E7C3002012AF /* LGButton.m */; };
		4172EBF52501E7C4002012AF /* JXButton.m in Sources */ = {isa = PBXBuildFile; fileRef = 4172EBF32501E7C3002012AF /* JXButton.m */; };
		4172EBF825025F4A002012AF /* MobileCoreServices.framework in Frameworks */ = {isa = PBXBuildFile; fileRef = 4172EBF625025F49002012AF /* MobileCoreServices.framework */; };
		4172EBF925025F4A002012AF /* CoreServices.framework in Frameworks */ = {isa = PBXBuildFile; fileRef = 4172EBF725025F49002012AF /* CoreServices.framework */; };
		4172EBFC250267BF002012AF /* UIColor+Hex.m in Sources */ = {isa = PBXBuildFile; fileRef = 4172EBFB250267BF002012AF /* UIColor+Hex.m */; };
		4172EC0725026AA3002012AF /* ECUserAgreementViewController.m in Sources */ = {isa = PBXBuildFile; fileRef = 4172EBFD25026AA2002012AF /* ECUserAgreementViewController.m */; };
		4172EC0825026AA3002012AF /* ECWaterMarkViewController.m in Sources */ = {isa = PBXBuildFile; fileRef = 4172EC0025026AA2002012AF /* ECWaterMarkViewController.m */; };
		4172EC0925026AA3002012AF /* ECSettingsViewController.m in Sources */ = {isa = PBXBuildFile; fileRef = 4172EC0325026AA3002012AF /* ECSettingsViewController.m */; };
		4172EC0A25026AA3002012AF /* ECPrivacyPolicyViewController.m in Sources */ = {isa = PBXBuildFile; fileRef = 4172EC0425026AA3002012AF /* ECPrivacyPolicyViewController.m */; };
		4172EC0B25026AA3002012AF /* ECFeedbackViewController.m in Sources */ = {isa = PBXBuildFile; fileRef = 4172EC0625026AA3002012AF /* ECFeedbackViewController.m */; };
		4172EC1625026B18002012AF /* ECSettingsBaseTCell.m in Sources */ = {isa = PBXBuildFile; fileRef = 4172EC0C25026B17002012AF /* ECSettingsBaseTCell.m */; };
		4172EC1725026B18002012AF /* ECSettingsCircleSelectTCell.m in Sources */ = {isa = PBXBuildFile; fileRef = 4172EC0D25026B17002012AF /* ECSettingsCircleSelectTCell.m */; };
		4172EC1825026B18002012AF /* ECSettingsRightArrowTCell.m in Sources */ = {isa = PBXBuildFile; fileRef = 4172EC0F25026B17002012AF /* ECSettingsRightArrowTCell.m */; };
		4172EC1925026B18002012AF /* ECSettingsSwitchTCell.m in Sources */ = {isa = PBXBuildFile; fileRef = 4172EC1025026B17002012AF /* ECSettingsSwitchTCell.m */; };
		4172EC1A25026B18002012AF /* ECSettingsTextTCell.m in Sources */ = {isa = PBXBuildFile; fileRef = 4172EC1125026B17002012AF /* ECSettingsTextTCell.m */; };
		4172EC2025026BB2002012AF /* main.m in Sources */ = {isa = PBXBuildFile; fileRef = 4172EC1B25026BB1002012AF /* main.m */; };
		4172EC2125026BB2002012AF /* AppDelegate.m in Sources */ = {isa = PBXBuildFile; fileRef = 4172EC1C25026BB1002012AF /* AppDelegate.m */; };
		4172EC2225026BB2002012AF /* SceneDelegate.m in Sources */ = {isa = PBXBuildFile; fileRef = 4172EC1E25026BB2002012AF /* SceneDelegate.m */; };
		4172EC3725026BEB002012AF /* ECPreviewRatioView.m in Sources */ = {isa = PBXBuildFile; fileRef = 4172EC2525026BEA002012AF /* ECPreviewRatioView.m */; };
		4172EC3825026BEB002012AF /* ECCameraSettingsMoreView.m in Sources */ = {isa = PBXBuildFile; fileRef = 4172EC2725026BEA002012AF /* ECCameraSettingsMoreView.m */; };
		4172EC3925026BEB002012AF /* ECCameraSettingsView.m in Sources */ = {isa = PBXBuildFile; fileRef = 4172EC2925026BEA002012AF /* ECCameraSettingsView.m */; };
		4172EC3A25026BEB002012AF /* ECTakenManger.m in Sources */ = {isa = PBXBuildFile; fileRef = 4172EC2B25026BEA002012AF /* ECTakenManger.m */; };
		4172EC3B25026BEB002012AF /* ECMainViewController.m in Sources */ = {isa = PBXBuildFile; fileRef = 4172EC2D25026BEA002012AF /* ECMainViewController.m */; };
		4172EC3C25026BEB002012AF /* ECCameraPreviewView.m in Sources */ = {isa = PBXBuildFile; fileRef = 4172EC3125026BEA002012AF /* ECCameraPreviewView.m */; };
		4172EC3D25026BEB002012AF /* ECMainView.m in Sources */ = {isa = PBXBuildFile; fileRef = 4172EC3325026BEB002012AF /* ECMainView.m */; };
		4172EC3E25026BEB002012AF /* ECOperationPannelView.m in Sources */ = {isa = PBXBuildFile; fileRef = 4172EC3625026BEB002012AF /* ECOperationPannelView.m */; };
		41795456237C25DF00AEC529 /* ECSettingsModel.m in Sources */ = {isa = PBXBuildFile; fileRef = 41795455237C25DF00AEC529 /* ECSettingsModel.m */; };
		419177FD237981200081FD8B /* ECBaseView.m in Sources */ = {isa = PBXBuildFile; fileRef = 419177FC237981200081FD8B /* ECBaseView.m */; };
		41917807237989B70081FD8B /* ECBaseTV.m in Sources */ = {isa = PBXBuildFile; fileRef = 41917806237989B70081FD8B /* ECBaseTV.m */; };
		4191780A237989CF0081FD8B /* ECBaseCV.m in Sources */ = {isa = PBXBuildFile; fileRef = 41917809237989CF0081FD8B /* ECBaseCV.m */; };
		41DE8F52237C397B005F2D07 /* UIApplication+ECAdd.m in Sources */ = {isa = PBXBuildFile; fileRef = 41DE8F51237C397B005F2D07 /* UIApplication+ECAdd.m */; };
		41DE8F57237C3BE2005F2D07 /* ECWebViewViewController.m in Sources */ = {isa = PBXBuildFile; fileRef = 41DE8F56237C3BE2005F2D07 /* ECWebViewViewController.m */; };
		41DE8F5D237D31D2005F2D07 /* ECBaseCCell.m in Sources */ = {isa = PBXBuildFile; fileRef = 41DE8F5C237D31D2005F2D07 /* ECBaseCCell.m */; };
		41E1742C236AF66C00E6AA36 /* Assets.xcassets in Resources */ = {isa = PBXBuildFile; fileRef = 41E1742B236AF66C00E6AA36 /* Assets.xcassets */; };
		41E1742F236AF66C00E6AA36 /* LaunchScreen.storyboard in Resources */ = {isa = PBXBuildFile; fileRef = 41E1742D236AF66C00E6AA36 /* LaunchScreen.storyboard */; };
		41E1743C236AF66C00E6AA36 /* ElegantCameraTests.m in Sources */ = {isa = PBXBuildFile; fileRef = 41E1743B236AF66C00E6AA36 /* ElegantCameraTests.m */; };
		41E17447236AF66C00E6AA36 /* ElegantCameraUITests.m in Sources */ = {isa = PBXBuildFile; fileRef = 41E17446236AF66C00E6AA36 /* ElegantCameraUITests.m */; };
		41E17459236BC71A00E6AA36 /* ECBaseViewController.m in Sources */ = {isa = PBXBuildFile; fileRef = 41E17458236BC71A00E6AA36 /* ECBaseViewController.m */; };
		41E96AAD237ADFCD004DD031 /* ECBaseTCell.m in Sources */ = {isa = PBXBuildFile; fileRef = 41E96AAC237ADFCD004DD031 /* ECBaseTCell.m */; };
		42DF6CE636D120E82F683734 /* Pods_ElegantCameraTests.framework in Frameworks */ = {isa = PBXBuildFile; fileRef = 33AB16A52DCFB8A264564977 /* Pods_ElegantCameraTests.framework */; };
		DACD714F0BF8A903CF94E3E4 /* Pods_ElegantCameraUITests.framework in Frameworks */ = {isa = PBXBuildFile; fileRef = 06DA222A6ED7594C5D0DC180 /* Pods_ElegantCameraUITests.framework */; };
		FD501A1E859F9592F87D8F18 /* Pods_ElegantCamera.framework in Frameworks */ = {isa = PBXBuildFile; fileRef = C635B9BA17BFD410A698A4B0 /* Pods_ElegantCamera.framework */; };
/* End PBXBuildFile section */

/* Begin PBXContainerItemProxy section */
		41E17438236AF66C00E6AA36 /* PBXContainerItemProxy */ = {
			isa = PBXContainerItemProxy;
			containerPortal = 41E17414236AF66900E6AA36 /* Project object */;
			proxyType = 1;
			remoteGlobalIDString = 41E1741B236AF66900E6AA36;
			remoteInfo = ElegantCamera;
		};
		41E17443236AF66C00E6AA36 /* PBXContainerItemProxy */ = {
			isa = PBXContainerItemProxy;
			containerPortal = 41E17414236AF66900E6AA36 /* Project object */;
			proxyType = 1;
			remoteGlobalIDString = 41E1741B236AF66900E6AA36;
			remoteInfo = ElegantCamera;
		};
/* End PBXContainerItemProxy section */

/* Begin PBXFileReference section */
		06DA222A6ED7594C5D0DC180 /* Pods_ElegantCameraUITests.framework */ = {isa = PBXFileReference; explicitFileType = wrapper.framework; includeInIndex = 0; path = Pods_ElegantCameraUITests.framework; sourceTree = BUILT_PRODUCTS_DIR; };
		116988AD4658FCEC4314B853 /* Pods-ElegantCameraUITests.release.xcconfig */ = {isa = PBXFileReference; includeInIndex = 1; lastKnownFileType = text.xcconfig; name = "Pods-ElegantCameraUITests.release.xcconfig"; path = "Target Support Files/Pods-ElegantCameraUITests/Pods-ElegantCameraUITests.release.xcconfig"; sourceTree = "<group>"; };
		33AB16A52DCFB8A264564977 /* Pods_ElegantCameraTests.framework */ = {isa = PBXFileReference; explicitFileType = wrapper.framework; includeInIndex = 0; path = Pods_ElegantCameraTests.framework; sourceTree = BUILT_PRODUCTS_DIR; };
		41584D862375476900191C37 /* WKBaseView.h */ = {isa = PBXFileReference; fileEncoding = 4; lastKnownFileType = sourcecode.c.h; path = WKBaseView.h; sourceTree = "<group>"; };
		41584D872375476900191C37 /* WKBaseView.m */ = {isa = PBXFileReference; fileEncoding = 4; lastKnownFileType = sourcecode.c.objc; path = WKBaseView.m; sourceTree = "<group>"; };
		41584D882375476A00191C37 /* WKPopBaseView.h */ = {isa = PBXFileReference; fileEncoding = 4; lastKnownFileType = sourcecode.c.h; path = WKPopBaseView.h; sourceTree = "<group>"; };
		41584D892375476A00191C37 /* WKPopBaseView.m */ = {isa = PBXFileReference; fileEncoding = 4; lastKnownFileType = sourcecode.c.objc; path = WKPopBaseView.m; sourceTree = "<group>"; };
		41584D8C2375478900191C37 /* NSObject+WKKeyboardIsShow.h */ = {isa = PBXFileReference; fileEncoding = 4; lastKnownFileType = sourcecode.c.h; path = "NSObject+WKKeyboardIsShow.h"; sourceTree = "<group>"; };
		41584D8D2375478900191C37 /* NSObject+WKKeyboardIsShow.m */ = {isa = PBXFileReference; fileEncoding = 4; lastKnownFileType = sourcecode.c.objc; path = "NSObject+WKKeyboardIsShow.m"; sourceTree = "<group>"; };
		41584D90237547B900191C37 /* WSIndefiniteAnimationView.h */ = {isa = PBXFileReference; fileEncoding = 4; lastKnownFileType = sourcecode.c.h; path = WSIndefiniteAnimationView.h; sourceTree = "<group>"; };
		41584D91237547B900191C37 /* WSProgressHUD.m */ = {isa = PBXFileReference; fileEncoding = 4; lastKnownFileType = sourcecode.c.objc; path = WSProgressHUD.m; sourceTree = "<group>"; };
		41584D92237547B900191C37 /* MMMaterialDesignSpinner.h */ = {isa = PBXFileReference; fileEncoding = 4; lastKnownFileType = sourcecode.c.h; path = MMMaterialDesignSpinner.h; sourceTree = "<group>"; };
		41584D93237547B900191C37 /* WSProgressHUD.h */ = {isa = PBXFileReference; fileEncoding = 4; lastKnownFileType = sourcecode.c.h; path = WSProgressHUD.h; sourceTree = "<group>"; };
		41584D94237547B900191C37 /* WSIndefiniteAnimationView.m */ = {isa = PBXFileReference; fileEncoding = 4; lastKnownFileType = sourcecode.c.objc; path = WSIndefiniteAnimationView.m; sourceTree = "<group>"; };
		41584D95237547B900191C37 /* WSProgressBundle.bundle */ = {isa = PBXFileReference; lastKnownFileType = "wrapper.plug-in"; path = WSProgressBundle.bundle; sourceTree = "<group>"; };
		41584D96237547B900191C37 /* MMMaterialDesignSpinner.m */ = {isa = PBXFileReference; fileEncoding = 4; lastKnownFileType = sourcecode.c.objc; path = MMMaterialDesignSpinner.m; sourceTree = "<group>"; };
		41584D9B2375491400191C37 /* WKViewManager.m */ = {isa = PBXFileReference; fileEncoding = 4; lastKnownFileType = sourcecode.c.objc; path = WKViewManager.m; sourceTree = "<group>"; };
		41584D9C2375491400191C37 /* WKViewManager.h */ = {isa = PBXFileReference; fileEncoding = 4; lastKnownFileType = sourcecode.c.h; path = WKViewManager.h; sourceTree = "<group>"; };
		41584D9E2375493C00191C37 /* AppDelegate+visableVC.m */ = {isa = PBXFileReference; fileEncoding = 4; lastKnownFileType = sourcecode.c.objc; path = "AppDelegate+visableVC.m"; sourceTree = "<group>"; };
		41584D9F2375493C00191C37 /* AppDelegate+visableVC.h */ = {isa = PBXFileReference; fileEncoding = 4; lastKnownFileType = sourcecode.c.h; path = "AppDelegate+visableVC.h"; sourceTree = "<group>"; };
		41584DA423754AA400191C37 /* NSMutableArray+ECAdd.h */ = {isa = PBXFileReference; lastKnownFileType = sourcecode.c.h; path = "NSMutableArray+ECAdd.h"; sourceTree = "<group>"; };
		41584DA523754AA400191C37 /* NSMutableArray+ECAdd.m */ = {isa = PBXFileReference; lastKnownFileType = sourcecode.c.objc; path = "NSMutableArray+ECAdd.m"; sourceTree = "<group>"; };
		41584DA72375535700191C37 /* ECIconDescControl.h */ = {isa = PBXFileReference; lastKnownFileType = sourcecode.c.h; path = ECIconDescControl.h; sourceTree = "<group>"; };
		41584DA82375535700191C37 /* ECIconDescControl.m */ = {isa = PBXFileReference; lastKnownFileType = sourcecode.c.objc; path = ECIconDescControl.m; sourceTree = "<group>"; };
		415D83FC236FC43B002F2DBB /* ECMacroPrefixHeader.pch */ = {isa = PBXFileReference; lastKnownFileType = sourcecode.c.h; path = ECMacroPrefixHeader.pch; sourceTree = "<group>"; };
		415D83FD236FC84D002F2DBB /* ECBaseNavViewController.h */ = {isa = PBXFileReference; lastKnownFileType = sourcecode.c.h; path = ECBaseNavViewController.h; sourceTree = "<group>"; };
		415D83FE236FC84D002F2DBB /* ECBaseNavViewController.m */ = {isa = PBXFileReference; lastKnownFileType = sourcecode.c.objc; path = ECBaseNavViewController.m; sourceTree = "<group>"; };
		415D8401236FCC0A002F2DBB /* ECMediaTakenView.h */ = {isa = PBXFileReference; lastKnownFileType = sourcecode.c.h; path = ECMediaTakenView.h; sourceTree = "<group>"; };
		415D8402236FCC0A002F2DBB /* ECMediaTakenView.m */ = {isa = PBXFileReference; lastKnownFileType = sourcecode.c.objc; path = ECMediaTakenView.m; sourceTree = "<group>"; };
		415D8405236FCE36002F2DBB /* ECHotTakenView.h */ = {isa = PBXFileReference; lastKnownFileType = sourcecode.c.h; path = ECHotTakenView.h; sourceTree = "<group>"; };
		415D8406236FCE36002F2DBB /* ECHotTakenView.m */ = {isa = PBXFileReference; lastKnownFileType = sourcecode.c.objc; path = ECHotTakenView.m; sourceTree = "<group>"; };
		415D8408236FCEB2002F2DBB /* ECTakenPhotoView.h */ = {isa = PBXFileReference; lastKnownFileType = sourcecode.c.h; path = ECTakenPhotoView.h; sourceTree = "<group>"; };
		415D8409236FCEB2002F2DBB /* ECTakenPhotoView.m */ = {isa = PBXFileReference; lastKnownFileType = sourcecode.c.objc; path = ECTakenPhotoView.m; sourceTree = "<group>"; };
		415D840B236FCEC0002F2DBB /* ECTakenVideoView.h */ = {isa = PBXFileReference; lastKnownFileType = sourcecode.c.h; path = ECTakenVideoView.h; sourceTree = "<group>"; };
		415D840C236FCEC0002F2DBB /* ECTakenVideoView.m */ = {isa = PBXFileReference; lastKnownFileType = sourcecode.c.objc; path = ECTakenVideoView.m; sourceTree = "<group>"; };
		415D840E236FCED1002F2DBB /* ECTakenEmoctionView.h */ = {isa = PBXFileReference; lastKnownFileType = sourcecode.c.h; path = ECTakenEmoctionView.h; sourceTree = "<group>"; };
		415D840F236FCED1002F2DBB /* ECTakenEmoctionView.m */ = {isa = PBXFileReference; lastKnownFileType = sourcecode.c.objc; path = ECTakenEmoctionView.m; sourceTree = "<group>"; };
		415D8413236FD1F1002F2DBB /* UIView+ECAdd.h */ = {isa = PBXFileReference; lastKnownFileType = sourcecode.c.h; path = "UIView+ECAdd.h"; sourceTree = "<group>"; };
		415D8414236FD1F1002F2DBB /* UIView+ECAdd.m */ = {isa = PBXFileReference; lastKnownFileType = sourcecode.c.objc; path = "UIView+ECAdd.m"; sourceTree = "<group>"; };
		415D8416236FD245002F2DBB /* ECTakenViewHeader.h */ = {isa = PBXFileReference; lastKnownFileType = sourcecode.c.h; path = ECTakenViewHeader.h; sourceTree = "<group>"; };
		415D8417236FD4E4002F2DBB /* ColorMacroDefine.h */ = {isa = PBXFileReference; fileEncoding = 4; lastKnownFileType = sourcecode.c.h; path = ColorMacroDefine.h; sourceTree = "<group>"; };
		415D841C2370006A002F2DBB /* NSMutableDictionary+ECAdd.h */ = {isa = PBXFileReference; lastKnownFileType = sourcecode.c.h; path = "NSMutableDictionary+ECAdd.h"; sourceTree = "<group>"; };
		415D841D2370006A002F2DBB /* NSMutableDictionary+ECAdd.m */ = {isa = PBXFileReference; lastKnownFileType = sourcecode.c.objc; path = "NSMutableDictionary+ECAdd.m"; sourceTree = "<group>"; };
		415D841F23700B71002F2DBB /* XN_CTViewConstants.h */ = {isa = PBXFileReference; fileEncoding = 4; lastKnownFileType = sourcecode.c.h; path = XN_CTViewConstants.h; sourceTree = "<group>"; };
		415D842023701BED002F2DBB /* ECGradientView.h */ = {isa = PBXFileReference; fileEncoding = 4; lastKnownFileType = sourcecode.c.h; path = ECGradientView.h; sourceTree = "<group>"; };
		415D842123701BED002F2DBB /* ECGradientView.m */ = {isa = PBXFileReference; fileEncoding = 4; lastKnownFileType = sourcecode.c.objc; path = ECGradientView.m; sourceTree = "<group>"; };
		415D842523702046002F2DBB /* ECActionProtocol.h */ = {isa = PBXFileReference; lastKnownFileType = sourcecode.c.h; path = ECActionProtocol.h; sourceTree = "<group>"; };
		415D842A23702510002F2DBB /* XNCommonBlock.h */ = {isa = PBXFileReference; fileEncoding = 4; lastKnownFileType = sourcecode.c.h; path = XNCommonBlock.h; sourceTree = "<group>"; };
		4172EBF02501E7C3002012AF /* LGButton.h */ = {isa = PBXFileReference; fileEncoding = 4; lastKnownFileType = sourcecode.c.h; path = LGButton.h; sourceTree = "<group>"; };
		4172EBF12501E7C3002012AF /* JXButton.h */ = {isa = PBXFileReference; fileEncoding = 4; lastKnownFileType = sourcecode.c.h; path = JXButton.h; sourceTree = "<group>"; };
		4172EBF22501E7C3002012AF /* LGButton.m */ = {isa = PBXFileReference; fileEncoding = 4; lastKnownFileType = sourcecode.c.objc; path = LGButton.m; sourceTree = "<group>"; };
		4172EBF32501E7C3002012AF /* JXButton.m */ = {isa = PBXFileReference; fileEncoding = 4; lastKnownFileType = sourcecode.c.objc; path = JXButton.m; sourceTree = "<group>"; };
		4172EBF625025F49002012AF /* MobileCoreServices.framework */ = {isa = PBXFileReference; lastKnownFileType = wrapper.framework; name = MobileCoreServices.framework; path = System/Library/Frameworks/MobileCoreServices.framework; sourceTree = SDKROOT; };
		4172EBF725025F49002012AF /* CoreServices.framework */ = {isa = PBXFileReference; lastKnownFileType = wrapper.framework; name = CoreServices.framework; path = System/Library/Frameworks/CoreServices.framework; sourceTree = SDKROOT; };
		4172EBFA250267BE002012AF /* UIColor+Hex.h */ = {isa = PBXFileReference; fileEncoding = 4; lastKnownFileType = sourcecode.c.h; path = "UIColor+Hex.h"; sourceTree = "<group>"; };
		4172EBFB250267BF002012AF /* UIColor+Hex.m */ = {isa = PBXFileReference; fileEncoding = 4; lastKnownFileType = sourcecode.c.objc; path = "UIColor+Hex.m"; sourceTree = "<group>"; };
		4172EBFD25026AA2002012AF /* ECUserAgreementViewController.m */ = {isa = PBXFileReference; fileEncoding = 4; lastKnownFileType = sourcecode.c.objc; path = ECUserAgreementViewController.m; sourceTree = "<group>"; };
		4172EBFE25026AA2002012AF /* ECSettingsViewController.h */ = {isa = PBXFileReference; fileEncoding = 4; lastKnownFileType = sourcecode.c.h; path = ECSettingsViewController.h; sourceTree = "<group>"; };
		4172EBFF25026AA2002012AF /* ECPrivacyPolicyViewController.h */ = {isa = PBXFileReference; fileEncoding = 4; lastKnownFileType = sourcecode.c.h; path = ECPrivacyPolicyViewController.h; sourceTree = "<group>"; };
		4172EC0025026AA2002012AF /* ECWaterMarkViewController.m */ = {isa = PBXFileReference; fileEncoding = 4; lastKnownFileType = sourcecode.c.objc; path = ECWaterMarkViewController.m; sourceTree = "<group>"; };
		4172EC0125026AA3002012AF /* ECFeedbackViewController.h */ = {isa = PBXFileReference; fileEncoding = 4; lastKnownFileType = sourcecode.c.h; path = ECFeedbackViewController.h; sourceTree = "<group>"; };
		4172EC0225026AA3002012AF /* ECUserAgreementViewController.h */ = {isa = PBXFileReference; fileEncoding = 4; lastKnownFileType = sourcecode.c.h; path = ECUserAgreementViewController.h; sourceTree = "<group>"; };
		4172EC0325026AA3002012AF /* ECSettingsViewController.m */ = {isa = PBXFileReference; fileEncoding = 4; lastKnownFileType = sourcecode.c.objc; path = ECSettingsViewController.m; sourceTree = "<group>"; };
		4172EC0425026AA3002012AF /* ECPrivacyPolicyViewController.m */ = {isa = PBXFileReference; fileEncoding = 4; lastKnownFileType = sourcecode.c.objc; path = ECPrivacyPolicyViewController.m; sourceTree = "<group>"; };
		4172EC0525026AA3002012AF /* ECWaterMarkViewController.h */ = {isa = PBXFileReference; fileEncoding = 4; lastKnownFileType = sourcecode.c.h; path = ECWaterMarkViewController.h; sourceTree = "<group>"; };
		4172EC0625026AA3002012AF /* ECFeedbackViewController.m */ = {isa = PBXFileReference; fileEncoding = 4; lastKnownFileType = sourcecode.c.objc; path = ECFeedbackViewController.m; sourceTree = "<group>"; };
		4172EC0C25026B17002012AF /* ECSettingsBaseTCell.m */ = {isa = PBXFileReference; fileEncoding = 4; lastKnownFileType = sourcecode.c.objc; path = ECSettingsBaseTCell.m; sourceTree = "<group>"; };
		4172EC0D25026B17002012AF /* ECSettingsCircleSelectTCell.m */ = {isa = PBXFileReference; fileEncoding = 4; lastKnownFileType = sourcecode.c.objc; path = ECSettingsCircleSelectTCell.m; sourceTree = "<group>"; };
		4172EC0E25026B17002012AF /* ECSettingsBaseTCell.h */ = {isa = PBXFileReference; fileEncoding = 4; lastKnownFileType = sourcecode.c.h; path = ECSettingsBaseTCell.h; sourceTree = "<group>"; };
		4172EC0F25026B17002012AF /* ECSettingsRightArrowTCell.m */ = {isa = PBXFileReference; fileEncoding = 4; lastKnownFileType = sourcecode.c.objc; path = ECSettingsRightArrowTCell.m; sourceTree = "<group>"; };
		4172EC1025026B17002012AF /* ECSettingsSwitchTCell.m */ = {isa = PBXFileReference; fileEncoding = 4; lastKnownFileType = sourcecode.c.objc; path = ECSettingsSwitchTCell.m; sourceTree = "<group>"; };
		4172EC1125026B17002012AF /* ECSettingsTextTCell.m */ = {isa = PBXFileReference; fileEncoding = 4; lastKnownFileType = sourcecode.c.objc; path = ECSettingsTextTCell.m; sourceTree = "<group>"; };
		4172EC1225026B18002012AF /* ECSettingsRightArrowTCell.h */ = {isa = PBXFileReference; fileEncoding = 4; lastKnownFileType = sourcecode.c.h; path = ECSettingsRightArrowTCell.h; sourceTree = "<group>"; };
		4172EC1325026B18002012AF /* ECSettingsSwitchTCell.h */ = {isa = PBXFileReference; fileEncoding = 4; lastKnownFileType = sourcecode.c.h; path = ECSettingsSwitchTCell.h; sourceTree = "<group>"; };
		4172EC1425026B18002012AF /* ECSettingsTextTCell.h */ = {isa = PBXFileReference; fileEncoding = 4; lastKnownFileType = sourcecode.c.h; path = ECSettingsTextTCell.h; sourceTree = "<group>"; };
		4172EC1525026B18002012AF /* ECSettingsCircleSelectTCell.h */ = {isa = PBXFileReference; fileEncoding = 4; lastKnownFileType = sourcecode.c.h; path = ECSettingsCircleSelectTCell.h; sourceTree = "<group>"; };
		4172EC1B25026BB1002012AF /* main.m */ = {isa = PBXFileReference; fileEncoding = 4; lastKnownFileType = sourcecode.c.objc; path = main.m; sourceTree = "<group>"; };
		4172EC1C25026BB1002012AF /* AppDelegate.m */ = {isa = PBXFileReference; fileEncoding = 4; lastKnownFileType = sourcecode.c.objc; path = AppDelegate.m; sourceTree = "<group>"; };
		4172EC1D25026BB1002012AF /* AppDelegate.h */ = {isa = PBXFileReference; fileEncoding = 4; lastKnownFileType = sourcecode.c.h; path = AppDelegate.h; sourceTree = "<group>"; };
		4172EC1E25026BB2002012AF /* SceneDelegate.m */ = {isa = PBXFileReference; fileEncoding = 4; lastKnownFileType = sourcecode.c.objc; path = SceneDelegate.m; sourceTree = "<group>"; };
		4172EC1F25026BB2002012AF /* SceneDelegate.h */ = {isa = PBXFileReference; fileEncoding = 4; lastKnownFileType = sourcecode.c.h; path = SceneDelegate.h; sourceTree = "<group>"; };
		4172EC2425026BEA002012AF /* ECCameraSettingsMoreView.h */ = {isa = PBXFileReference; fileEncoding = 4; lastKnownFileType = sourcecode.c.h; path = ECCameraSettingsMoreView.h; sourceTree = "<group>"; };
		4172EC2525026BEA002012AF /* ECPreviewRatioView.m */ = {isa = PBXFileReference; fileEncoding = 4; lastKnownFileType = sourcecode.c.objc; path = ECPreviewRatioView.m; sourceTree = "<group>"; };
		4172EC2625026BEA002012AF /* ECCameraSettingsView.h */ = {isa = PBXFileReference; fileEncoding = 4; lastKnownFileType = sourcecode.c.h; path = ECCameraSettingsView.h; sourceTree = "<group>"; };
		4172EC2725026BEA002012AF /* ECCameraSettingsMoreView.m */ = {isa = PBXFileReference; fileEncoding = 4; lastKnownFileType = sourcecode.c.objc; path = ECCameraSettingsMoreView.m; sourceTree = "<group>"; };
		4172EC2825026BEA002012AF /* ECPreviewRatioView.h */ = {isa = PBXFileReference; fileEncoding = 4; lastKnownFileType = sourcecode.c.h; path = ECPreviewRatioView.h; sourceTree = "<group>"; };
		4172EC2925026BEA002012AF /* ECCameraSettingsView.m */ = {isa = PBXFileReference; fileEncoding = 4; lastKnownFileType = sourcecode.c.objc; path = ECCameraSettingsView.m; sourceTree = "<group>"; };
		4172EC2B25026BEA002012AF /* ECTakenManger.m */ = {isa = PBXFileReference; fileEncoding = 4; lastKnownFileType = sourcecode.c.objc; path = ECTakenManger.m; sourceTree = "<group>"; };
		4172EC2C25026BEA002012AF /* ECTakenManger.h */ = {isa = PBXFileReference; fileEncoding = 4; lastKnownFileType = sourcecode.c.h; path = ECTakenManger.h; sourceTree = "<group>"; };
		4172EC2D25026BEA002012AF /* ECMainViewController.m */ = {isa = PBXFileReference; fileEncoding = 4; lastKnownFileType = sourcecode.c.objc; path = ECMainViewController.m; sourceTree = "<group>"; };
		4172EC2E25026BEA002012AF /* ECMainViewController.h */ = {isa = PBXFileReference; fileEncoding = 4; lastKnownFileType = sourcecode.c.h; path = ECMainViewController.h; sourceTree = "<group>"; };
		4172EC3025026BEA002012AF /* ECCameraPreviewView.h */ = {isa = PBXFileReference; fileEncoding = 4; lastKnownFileType = sourcecode.c.h; path = ECCameraPreviewView.h; sourceTree = "<group>"; };
		4172EC3125026BEA002012AF /* ECCameraPreviewView.m */ = {isa = PBXFileReference; fileEncoding = 4; lastKnownFileType = sourcecode.c.objc; path = ECCameraPreviewView.m; sourceTree = "<group>"; };
		4172EC3225026BEA002012AF /* ECMainView.h */ = {isa = PBXFileReference; fileEncoding = 4; lastKnownFileType = sourcecode.c.h; path = ECMainView.h; sourceTree = "<group>"; };
		4172EC3325026BEB002012AF /* ECMainView.m */ = {isa = PBXFileReference; fileEncoding = 4; lastKnownFileType = sourcecode.c.objc; path = ECMainView.m; sourceTree = "<group>"; };
		4172EC3525026BEB002012AF /* ECOperationPannelView.h */ = {isa = PBXFileReference; fileEncoding = 4; lastKnownFileType = sourcecode.c.h; path = ECOperationPannelView.h; sourceTree = "<group>"; };
		4172EC3625026BEB002012AF /* ECOperationPannelView.m */ = {isa = PBXFileReference; fileEncoding = 4; lastKnownFileType = sourcecode.c.objc; path = ECOperationPannelView.m; sourceTree = "<group>"; };
		41795454237C25DF00AEC529 /* ECSettingsModel.h */ = {isa = PBXFileReference; lastKnownFileType = sourcecode.c.h; path = ECSettingsModel.h; sourceTree = "<group>"; };
		41795455237C25DF00AEC529 /* ECSettingsModel.m */ = {isa = PBXFileReference; lastKnownFileType = sourcecode.c.objc; path = ECSettingsModel.m; sourceTree = "<group>"; };
		419177FB237981200081FD8B /* ECBaseView.h */ = {isa = PBXFileReference; lastKnownFileType = sourcecode.c.h; path = ECBaseView.h; sourceTree = "<group>"; };
		419177FC237981200081FD8B /* ECBaseView.m */ = {isa = PBXFileReference; lastKnownFileType = sourcecode.c.objc; path = ECBaseView.m; sourceTree = "<group>"; };
		41917805237989B70081FD8B /* ECBaseTV.h */ = {isa = PBXFileReference; lastKnownFileType = sourcecode.c.h; path = ECBaseTV.h; sourceTree = "<group>"; };
		41917806237989B70081FD8B /* ECBaseTV.m */ = {isa = PBXFileReference; lastKnownFileType = sourcecode.c.objc; path = ECBaseTV.m; sourceTree = "<group>"; };
		41917808237989CF0081FD8B /* ECBaseCV.h */ = {isa = PBXFileReference; lastKnownFileType = sourcecode.c.h; path = ECBaseCV.h; sourceTree = "<group>"; };
		41917809237989CF0081FD8B /* ECBaseCV.m */ = {isa = PBXFileReference; lastKnownFileType = sourcecode.c.objc; path = ECBaseCV.m; sourceTree = "<group>"; };
		41DE8F50237C397B005F2D07 /* UIApplication+ECAdd.h */ = {isa = PBXFileReference; lastKnownFileType = sourcecode.c.h; path = "UIApplication+ECAdd.h"; sourceTree = "<group>"; };
		41DE8F51237C397B005F2D07 /* UIApplication+ECAdd.m */ = {isa = PBXFileReference; lastKnownFileType = sourcecode.c.objc; path = "UIApplication+ECAdd.m"; sourceTree = "<group>"; };
		41DE8F53237C39DC005F2D07 /* ECCategory.h */ = {isa = PBXFileReference; lastKnownFileType = sourcecode.c.h; path = ECCategory.h; sourceTree = "<group>"; };
		41DE8F55237C3BE2005F2D07 /* ECWebViewViewController.h */ = {isa = PBXFileReference; lastKnownFileType = sourcecode.c.h; path = ECWebViewViewController.h; sourceTree = "<group>"; };
		41DE8F56237C3BE2005F2D07 /* ECWebViewViewController.m */ = {isa = PBXFileReference; lastKnownFileType = sourcecode.c.objc; path = ECWebViewViewController.m; sourceTree = "<group>"; };
		41DE8F5B237D31D2005F2D07 /* ECBaseCCell.h */ = {isa = PBXFileReference; lastKnownFileType = sourcecode.c.h; path = ECBaseCCell.h; sourceTree = "<group>"; };
		41DE8F5C237D31D2005F2D07 /* ECBaseCCell.m */ = {isa = PBXFileReference; lastKnownFileType = sourcecode.c.objc; path = ECBaseCCell.m; sourceTree = "<group>"; };
		41E1741C236AF66900E6AA36 /* 玩拍.app */ = {isa = PBXFileReference; explicitFileType = wrapper.application; includeInIndex = 0; path = "玩拍.app"; sourceTree = BUILT_PRODUCTS_DIR; };
		41E1742B236AF66C00E6AA36 /* Assets.xcassets */ = {isa = PBXFileReference; lastKnownFileType = folder.assetcatalog; path = Assets.xcassets; sourceTree = "<group>"; };
		41E1742E236AF66C00E6AA36 /* Base */ = {isa = PBXFileReference; lastKnownFileType = file.storyboard; name = Base; path = Base.lproj/LaunchScreen.storyboard; sourceTree = "<group>"; };
		41E17430236AF66C00E6AA36 /* Info.plist */ = {isa = PBXFileReference; lastKnownFileType = text.plist.xml; path = Info.plist; sourceTree = "<group>"; };
		41E17437236AF66C00E6AA36 /* ElegantCameraTests.xctest */ = {isa = PBXFileReference; explicitFileType = wrapper.cfbundle; includeInIndex = 0; path = ElegantCameraTests.xctest; sourceTree = BUILT_PRODUCTS_DIR; };
		41E1743B236AF66C00E6AA36 /* ElegantCameraTests.m */ = {isa = PBXFileReference; lastKnownFileType = sourcecode.c.objc; path = ElegantCameraTests.m; sourceTree = "<group>"; };
		41E1743D236AF66C00E6AA36 /* Info.plist */ = {isa = PBXFileReference; lastKnownFileType = text.plist.xml; path = Info.plist; sourceTree = "<group>"; };
		41E17442236AF66C00E6AA36 /* ElegantCameraUITests.xctest */ = {isa = PBXFileReference; explicitFileType = wrapper.cfbundle; includeInIndex = 0; path = ElegantCameraUITests.xctest; sourceTree = BUILT_PRODUCTS_DIR; };
		41E17446236AF66C00E6AA36 /* ElegantCameraUITests.m */ = {isa = PBXFileReference; lastKnownFileType = sourcecode.c.objc; path = ElegantCameraUITests.m; sourceTree = "<group>"; };
		41E17448236AF66C00E6AA36 /* Info.plist */ = {isa = PBXFileReference; lastKnownFileType = text.plist.xml; path = Info.plist; sourceTree = "<group>"; };
		41E17454236AF69200E6AA36 /* ElegantCamera.entitlements */ = {isa = PBXFileReference; lastKnownFileType = text.plist.entitlements; path = ElegantCamera.entitlements; sourceTree = "<group>"; };
		41E17457236BC71A00E6AA36 /* ECBaseViewController.h */ = {isa = PBXFileReference; lastKnownFileType = sourcecode.c.h; path = ECBaseViewController.h; sourceTree = "<group>"; };
		41E17458236BC71A00E6AA36 /* ECBaseViewController.m */ = {isa = PBXFileReference; lastKnownFileType = sourcecode.c.objc; path = ECBaseViewController.m; sourceTree = "<group>"; };
		41E96AAB237ADFCD004DD031 /* ECBaseTCell.h */ = {isa = PBXFileReference; lastKnownFileType = sourcecode.c.h; path = ECBaseTCell.h; sourceTree = "<group>"; };
		41E96AAC237ADFCD004DD031 /* ECBaseTCell.m */ = {isa = PBXFileReference; lastKnownFileType = sourcecode.c.objc; path = ECBaseTCell.m; sourceTree = "<group>"; };
		C5AC82C59CD17455D9651E90 /* Pods-ElegantCameraUITests.debug.xcconfig */ = {isa = PBXFileReference; includeInIndex = 1; lastKnownFileType = text.xcconfig; name = "Pods-ElegantCameraUITests.debug.xcconfig"; path = "Target Support Files/Pods-ElegantCameraUITests/Pods-ElegantCameraUITests.debug.xcconfig"; sourceTree = "<group>"; };
		C635B9BA17BFD410A698A4B0 /* Pods_ElegantCamera.framework */ = {isa = PBXFileReference; explicitFileType = wrapper.framework; includeInIndex = 0; path = Pods_ElegantCamera.framework; sourceTree = BUILT_PRODUCTS_DIR; };
		C9401CBD6E4EACED812083DA /* Pods-ElegantCamera.debug.xcconfig */ = {isa = PBXFileReference; includeInIndex = 1; lastKnownFileType = text.xcconfig; name = "Pods-ElegantCamera.debug.xcconfig"; path = "Target Support Files/Pods-ElegantCamera/Pods-ElegantCamera.debug.xcconfig"; sourceTree = "<group>"; };
		D16B9E0D16AD4B1E5FCB8598 /* Pods-ElegantCameraTests.debug.xcconfig */ = {isa = PBXFileReference; includeInIndex = 1; lastKnownFileType = text.xcconfig; name = "Pods-ElegantCameraTests.debug.xcconfig"; path = "Target Support Files/Pods-ElegantCameraTests/Pods-ElegantCameraTests.debug.xcconfig"; sourceTree = "<group>"; };
		D3261DE4D208C06805F70B09 /* Pods-ElegantCamera.release.xcconfig */ = {isa = PBXFileReference; includeInIndex = 1; lastKnownFileType = text.xcconfig; name = "Pods-ElegantCamera.release.xcconfig"; path = "Target Support Files/Pods-ElegantCamera/Pods-ElegantCamera.release.xcconfig"; sourceTree = "<group>"; };
		F37F95393E7A03B7471E74AF /* Pods-ElegantCameraTests.release.xcconfig */ = {isa = PBXFileReference; includeInIndex = 1; lastKnownFileType = text.xcconfig; name = "Pods-ElegantCameraTests.release.xcconfig"; path = "Target Support Files/Pods-ElegantCameraTests/Pods-ElegantCameraTests.release.xcconfig"; sourceTree = "<group>"; };
/* End PBXFileReference section */

/* Begin PBXFrameworksBuildPhase section */
		41E17419236AF66900E6AA36 /* Frameworks */ = {
			isa = PBXFrameworksBuildPhase;
			buildActionMask = 2147483647;
			files = (
				FD501A1E859F9592F87D8F18 /* Pods_ElegantCamera.framework in Frameworks */,
				4172EBF925025F4A002012AF /* CoreServices.framework in Frameworks */,
				4172EBF825025F4A002012AF /* MobileCoreServices.framework in Frameworks */,
			);
			runOnlyForDeploymentPostprocessing = 0;
		};
		41E17434236AF66C00E6AA36 /* Frameworks */ = {
			isa = PBXFrameworksBuildPhase;
			buildActionMask = 2147483647;
			files = (
				42DF6CE636D120E82F683734 /* Pods_ElegantCameraTests.framework in Frameworks */,
			);
			runOnlyForDeploymentPostprocessing = 0;
		};
		41E1743F236AF66C00E6AA36 /* Frameworks */ = {
			isa = PBXFrameworksBuildPhase;
			buildActionMask = 2147483647;
			files = (
				DACD714F0BF8A903CF94E3E4 /* Pods_ElegantCameraUITests.framework in Frameworks */,
			);
			runOnlyForDeploymentPostprocessing = 0;
		};
/* End PBXFrameworksBuildPhase section */

/* Begin PBXGroup section */
		3078B183B979E7A2C54B2D40 /* Frameworks */ = {
			isa = PBXGroup;
			children = (
				4172EBF725025F49002012AF /* CoreServices.framework */,
				4172EBF625025F49002012AF /* MobileCoreServices.framework */,
				C635B9BA17BFD410A698A4B0 /* Pods_ElegantCamera.framework */,
				33AB16A52DCFB8A264564977 /* Pods_ElegantCameraTests.framework */,
				06DA222A6ED7594C5D0DC180 /* Pods_ElegantCameraUITests.framework */,
			);
			name = Frameworks;
			sourceTree = "<group>";
		};
		41584D842375474F00191C37 /* Popview */ = {
			isa = PBXGroup;
			children = (
				41584D8C2375478900191C37 /* NSObject+WKKeyboardIsShow.h */,
				41584D8D2375478900191C37 /* NSObject+WKKeyboardIsShow.m */,
				41584D862375476900191C37 /* WKBaseView.h */,
				41584D872375476900191C37 /* WKBaseView.m */,
				41584D882375476A00191C37 /* WKPopBaseView.h */,
				41584D892375476A00191C37 /* WKPopBaseView.m */,
				41584D9C2375491400191C37 /* WKViewManager.h */,
				41584D9B2375491400191C37 /* WKViewManager.m */,
				41584D9F2375493C00191C37 /* AppDelegate+visableVC.h */,
				41584D9E2375493C00191C37 /* AppDelegate+visableVC.m */,
			);
			path = Popview;
			sourceTree = "<group>";
		};
		41584D852375475400191C37 /* Gradient */ = {
			isa = PBXGroup;
			children = (
				415D842023701BED002F2DBB /* ECGradientView.h */,
				415D842123701BED002F2DBB /* ECGradientView.m */,
			);
			path = Gradient;
			sourceTree = "<group>";
		};
		41584D8F237547B900191C37 /* WSProgressHUD */ = {
			isa = PBXGroup;
			children = (
				41584D90237547B900191C37 /* WSIndefiniteAnimationView.h */,
				41584D91237547B900191C37 /* WSProgressHUD.m */,
				41584D92237547B900191C37 /* MMMaterialDesignSpinner.h */,
				41584D93237547B900191C37 /* WSProgressHUD.h */,
				41584D94237547B900191C37 /* WSIndefiniteAnimationView.m */,
				41584D95237547B900191C37 /* WSProgressBundle.bundle */,
				41584D96237547B900191C37 /* MMMaterialDesignSpinner.m */,
			);
			path = WSProgressHUD;
			sourceTree = "<group>";
		};
		41584DAA2375535E00191C37 /* control */ = {
			isa = PBXGroup;
			children = (
				41584DA72375535700191C37 /* ECIconDescControl.h */,
				41584DA82375535700191C37 /* ECIconDescControl.m */,
			);
			path = control;
			sourceTree = "<group>";
		};
		415D83FA236FC296002F2DBB /* Macro */ = {
			isa = PBXGroup;
			children = (
				415D842A23702510002F2DBB /* XNCommonBlock.h */,
				415D83FC236FC43B002F2DBB /* ECMacroPrefixHeader.pch */,
				415D8417236FD4E4002F2DBB /* ColorMacroDefine.h */,
				415D841F23700B71002F2DBB /* XN_CTViewConstants.h */,
				41DE8F53237C39DC005F2D07 /* ECCategory.h */,
			);
			path = Macro;
			sourceTree = "<group>";
		};
		415D8400236FCBEA002F2DBB /* Common */ = {
			isa = PBXGroup;
			children = (
				415D842423702029002F2DBB /* Protocol */,
				415D842323702021002F2DBB /* UI */,
			);
			path = Common;
			sourceTree = "<group>";
		};
		415D8404236FCDC6002F2DBB /* MediaTakenView */ = {
			isa = PBXGroup;
			children = (
				415D8401236FCC0A002F2DBB /* ECMediaTakenView.h */,
				415D8402236FCC0A002F2DBB /* ECMediaTakenView.m */,
				415D8405236FCE36002F2DBB /* ECHotTakenView.h */,
				415D8406236FCE36002F2DBB /* ECHotTakenView.m */,
				415D8408236FCEB2002F2DBB /* ECTakenPhotoView.h */,
				415D8409236FCEB2002F2DBB /* ECTakenPhotoView.m */,
				415D840B236FCEC0002F2DBB /* ECTakenVideoView.h */,
				415D840C236FCEC0002F2DBB /* ECTakenVideoView.m */,
				415D840E236FCED1002F2DBB /* ECTakenEmoctionView.h */,
				415D840F236FCED1002F2DBB /* ECTakenEmoctionView.m */,
				415D8416236FD245002F2DBB /* ECTakenViewHeader.h */,
			);
			path = MediaTakenView;
			sourceTree = "<group>";
		};
		415D8411236FD1D7002F2DBB /* cateogry */ = {
			isa = PBXGroup;
			children = (
				415D841B23700053002F2DBB /* NS */,
				415D8412236FD1DE002F2DBB /* UI */,
			);
			path = cateogry;
			sourceTree = "<group>";
		};
		415D8412236FD1DE002F2DBB /* UI */ = {
			isa = PBXGroup;
			children = (
				4172EBFA250267BE002012AF /* UIColor+Hex.h */,
				4172EBFB250267BF002012AF /* UIColor+Hex.m */,
				415D8413236FD1F1002F2DBB /* UIView+ECAdd.h */,
				415D8414236FD1F1002F2DBB /* UIView+ECAdd.m */,
				41DE8F50237C397B005F2D07 /* UIApplication+ECAdd.h */,
				41DE8F51237C397B005F2D07 /* UIApplication+ECAdd.m */,
			);
			path = UI;
			sourceTree = "<group>";
		};
		415D841B23700053002F2DBB /* NS */ = {
			isa = PBXGroup;
			children = (
				415D841C2370006A002F2DBB /* NSMutableDictionary+ECAdd.h */,
				415D841D2370006A002F2DBB /* NSMutableDictionary+ECAdd.m */,
				41584DA423754AA400191C37 /* NSMutableArray+ECAdd.h */,
				41584DA523754AA400191C37 /* NSMutableArray+ECAdd.m */,
			);
			path = NS;
			sourceTree = "<group>";
		};
		415D842323702021002F2DBB /* UI */ = {
			isa = PBXGroup;
			children = (
				4172EBEF2501E7C3002012AF /* Button */,
				41584DAA2375535E00191C37 /* control */,
				41584D8F237547B900191C37 /* WSProgressHUD */,
				41584D852375475400191C37 /* Gradient */,
				41584D842375474F00191C37 /* Popview */,
			);
			path = UI;
			sourceTree = "<group>";
		};
		415D842423702029002F2DBB /* Protocol */ = {
			isa = PBXGroup;
			children = (
				415D842523702046002F2DBB /* ECActionProtocol.h */,
			);
			path = Protocol;
			sourceTree = "<group>";
		};
		4172EBEF2501E7C3002012AF /* Button */ = {
			isa = PBXGroup;
			children = (
				4172EBF02501E7C3002012AF /* LGButton.h */,
				4172EBF22501E7C3002012AF /* LGButton.m */,
				4172EBF12501E7C3002012AF /* JXButton.h */,
				4172EBF32501E7C3002012AF /* JXButton.m */,
			);
			path = Button;
			sourceTree = "<group>";
		};
		4172EC2325026BEA002012AF /* CameraSettings */ = {
			isa = PBXGroup;
			children = (
				4172EC2425026BEA002012AF /* ECCameraSettingsMoreView.h */,
				4172EC2525026BEA002012AF /* ECPreviewRatioView.m */,
				4172EC2625026BEA002012AF /* ECCameraSettingsView.h */,
				4172EC2725026BEA002012AF /* ECCameraSettingsMoreView.m */,
				4172EC2825026BEA002012AF /* ECPreviewRatioView.h */,
				4172EC2925026BEA002012AF /* ECCameraSettingsView.m */,
			);
			path = CameraSettings;
			sourceTree = "<group>";
		};
		4172EC2A25026BEA002012AF /* taken */ = {
			isa = PBXGroup;
			children = (
				4172EC2B25026BEA002012AF /* ECTakenManger.m */,
				4172EC2C25026BEA002012AF /* ECTakenManger.h */,
			);
			path = taken;
			sourceTree = "<group>";
		};
		4172EC2F25026BEA002012AF /* CameraPreview */ = {
			isa = PBXGroup;
			children = (
				4172EC3025026BEA002012AF /* ECCameraPreviewView.h */,
				4172EC3125026BEA002012AF /* ECCameraPreviewView.m */,
			);
			path = CameraPreview;
			sourceTree = "<group>";
		};
		4172EC3425026BEB002012AF /* OperationPannel */ = {
			isa = PBXGroup;
			children = (
				4172EC3525026BEB002012AF /* ECOperationPannelView.h */,
				4172EC3625026BEB002012AF /* ECOperationPannelView.m */,
			);
			path = OperationPannel;
			sourceTree = "<group>";
		};
		41795453237C25D300AEC529 /* M */ = {
			isa = PBXGroup;
			children = (
				41795454237C25DF00AEC529 /* ECSettingsModel.h */,
				41795455237C25DF00AEC529 /* ECSettingsModel.m */,
			);
			path = M;
			sourceTree = "<group>";
		};
		41795457237C35E300AEC529 /* C */ = {
			isa = PBXGroup;
			children = (
				4172EC0125026AA3002012AF /* ECFeedbackViewController.h */,
				4172EC0625026AA3002012AF /* ECFeedbackViewController.m */,
				4172EBFF25026AA2002012AF /* ECPrivacyPolicyViewController.h */,
				4172EC0425026AA3002012AF /* ECPrivacyPolicyViewController.m */,
				4172EBFE25026AA2002012AF /* ECSettingsViewController.h */,
				4172EC0325026AA3002012AF /* ECSettingsViewController.m */,
				4172EC0225026AA3002012AF /* ECUserAgreementViewController.h */,
				4172EBFD25026AA2002012AF /* ECUserAgreementViewController.m */,
				4172EC0525026AA3002012AF /* ECWaterMarkViewController.h */,
				4172EC0025026AA2002012AF /* ECWaterMarkViewController.m */,
			);
			path = C;
			sourceTree = "<group>";
		};
		41795458237C35EB00AEC529 /* V */ = {
			isa = PBXGroup;
			children = (
				41795459237C35F500AEC529 /* cells */,
			);
			path = V;
			sourceTree = "<group>";
		};
		41795459237C35F500AEC529 /* cells */ = {
			isa = PBXGroup;
			children = (
				4172EC0E25026B17002012AF /* ECSettingsBaseTCell.h */,
				4172EC0C25026B17002012AF /* ECSettingsBaseTCell.m */,
				4172EC1525026B18002012AF /* ECSettingsCircleSelectTCell.h */,
				4172EC0D25026B17002012AF /* ECSettingsCircleSelectTCell.m */,
				4172EC1225026B18002012AF /* ECSettingsRightArrowTCell.h */,
				4172EC0F25026B17002012AF /* ECSettingsRightArrowTCell.m */,
				4172EC1325026B18002012AF /* ECSettingsSwitchTCell.h */,
				4172EC1025026B17002012AF /* ECSettingsSwitchTCell.m */,
				4172EC1425026B18002012AF /* ECSettingsTextTCell.h */,
				4172EC1125026B17002012AF /* ECSettingsTextTCell.m */,
			);
			path = cells;
			sourceTree = "<group>";
		};
		419177FE237988D90081FD8B /* Settings */ = {
			isa = PBXGroup;
			children = (
				41795458237C35EB00AEC529 /* V */,
				41795457237C35E300AEC529 /* C */,
				41795453237C25D300AEC529 /* M */,
			);
			path = Settings;
			sourceTree = "<group>";
		};
		41DE8F54237C3BD1005F2D07 /* WebView */ = {
			isa = PBXGroup;
			children = (
				41DE8F55237C3BE2005F2D07 /* ECWebViewViewController.h */,
				41DE8F56237C3BE2005F2D07 /* ECWebViewViewController.m */,
			);
			path = WebView;
			sourceTree = "<group>";
		};
		41DE8F5E237D799F005F2D07 /* ThirtPart */ = {
			isa = PBXGroup;
			children = (
			);
			path = ThirtPart;
			sourceTree = "<group>";
		};
		41E17413236AF66900E6AA36 = {
			isa = PBXGroup;
			children = (
				41E1741E236AF66900E6AA36 /* ElegantCamera */,
				41E1743A236AF66C00E6AA36 /* ElegantCameraTests */,
				41E17445236AF66C00E6AA36 /* ElegantCameraUITests */,
				41E1741D236AF66900E6AA36 /* Products */,
				45CB6507EA153BDACB59FA4E /* Pods */,
				3078B183B979E7A2C54B2D40 /* Frameworks */,
			);
			sourceTree = "<group>";
		};
		41E1741D236AF66900E6AA36 /* Products */ = {
			isa = PBXGroup;
			children = (
				41E1741C236AF66900E6AA36 /* 玩拍.app */,
				41E17437236AF66C00E6AA36 /* ElegantCameraTests.xctest */,
				41E17442236AF66C00E6AA36 /* ElegantCameraUITests.xctest */,
			);
			name = Products;
			sourceTree = "<group>";
		};
		41E1741E236AF66900E6AA36 /* ElegantCamera */ = {
			isa = PBXGroup;
			children = (
				41DE8F5E237D799F005F2D07 /* ThirtPart */,
				41DE8F54237C3BD1005F2D07 /* WebView */,
				419177FE237988D90081FD8B /* Settings */,
				415D8411236FD1D7002F2DBB /* cateogry */,
				415D8404236FCDC6002F2DBB /* MediaTakenView */,
				415D8400236FCBEA002F2DBB /* Common */,
				415D83FA236FC296002F2DBB /* Macro */,
				41E17463236BD15A00E6AA36 /* Main */,
				41E1745A236BC71F00E6AA36 /* Base */,
				41E17456236BC70200E6AA36 /* Camera */,
				41E17454236AF69200E6AA36 /* ElegantCamera.entitlements */,
				41E1742B236AF66C00E6AA36 /* Assets.xcassets */,
				41E1742D236AF66C00E6AA36 /* LaunchScreen.storyboard */,
				41E17430236AF66C00E6AA36 /* Info.plist */,
				4172EC1D25026BB1002012AF /* AppDelegate.h */,
				4172EC1C25026BB1002012AF /* AppDelegate.m */,
				4172EC1B25026BB1002012AF /* main.m */,
				4172EC1F25026BB2002012AF /* SceneDelegate.h */,
				4172EC1E25026BB2002012AF /* SceneDelegate.m */,
			);
			path = ElegantCamera;
			sourceTree = "<group>";
		};
		41E1743A236AF66C00E6AA36 /* ElegantCameraTests */ = {
			isa = PBXGroup;
			children = (
				41E1743B236AF66C00E6AA36 /* ElegantCameraTests.m */,
				41E1743D236AF66C00E6AA36 /* Info.plist */,
			);
			path = ElegantCameraTests;
			sourceTree = "<group>";
		};
		41E17445236AF66C00E6AA36 /* ElegantCameraUITests */ = {
			isa = PBXGroup;
			children = (
				41E17446236AF66C00E6AA36 /* ElegantCameraUITests.m */,
				41E17448236AF66C00E6AA36 /* Info.plist */,
			);
			path = ElegantCameraUITests;
			sourceTree = "<group>";
		};
		41E17456236BC70200E6AA36 /* Camera */ = {
			isa = PBXGroup;
			children = (
			);
			path = Camera;
			sourceTree = "<group>";
		};
		41E1745A236BC71F00E6AA36 /* Base */ = {
			isa = PBXGroup;
			children = (
				41E17457236BC71A00E6AA36 /* ECBaseViewController.h */,
				41E17458236BC71A00E6AA36 /* ECBaseViewController.m */,
				415D83FD236FC84D002F2DBB /* ECBaseNavViewController.h */,
				415D83FE236FC84D002F2DBB /* ECBaseNavViewController.m */,
				419177FB237981200081FD8B /* ECBaseView.h */,
				419177FC237981200081FD8B /* ECBaseView.m */,
				41917805237989B70081FD8B /* ECBaseTV.h */,
				41917806237989B70081FD8B /* ECBaseTV.m */,
				41917808237989CF0081FD8B /* ECBaseCV.h */,
				41917809237989CF0081FD8B /* ECBaseCV.m */,
				41E96AAB237ADFCD004DD031 /* ECBaseTCell.h */,
				41E96AAC237ADFCD004DD031 /* ECBaseTCell.m */,
				41DE8F5B237D31D2005F2D07 /* ECBaseCCell.h */,
				41DE8F5C237D31D2005F2D07 /* ECBaseCCell.m */,
			);
			path = Base;
			sourceTree = "<group>";
		};
		41E17463236BD15A00E6AA36 /* Main */ = {
			isa = PBXGroup;
			children = (
				4172EC2F25026BEA002012AF /* CameraPreview */,
				4172EC2325026BEA002012AF /* CameraSettings */,
				4172EC3225026BEA002012AF /* ECMainView.h */,
				4172EC3325026BEB002012AF /* ECMainView.m */,
				4172EC2E25026BEA002012AF /* ECMainViewController.h */,
				4172EC2D25026BEA002012AF /* ECMainViewController.m */,
				4172EC3425026BEB002012AF /* OperationPannel */,
				4172EC2A25026BEA002012AF /* taken */,
			);
			path = Main;
			sourceTree = "<group>";
		};
		45CB6507EA153BDACB59FA4E /* Pods */ = {
			isa = PBXGroup;
			children = (
				C9401CBD6E4EACED812083DA /* Pods-ElegantCamera.debug.xcconfig */,
				D3261DE4D208C06805F70B09 /* Pods-ElegantCamera.release.xcconfig */,
				D16B9E0D16AD4B1E5FCB8598 /* Pods-ElegantCameraTests.debug.xcconfig */,
				F37F95393E7A03B7471E74AF /* Pods-ElegantCameraTests.release.xcconfig */,
				C5AC82C59CD17455D9651E90 /* Pods-ElegantCameraUITests.debug.xcconfig */,
				116988AD4658FCEC4314B853 /* Pods-ElegantCameraUITests.release.xcconfig */,
			);
			path = Pods;
			sourceTree = "<group>";
		};
/* End PBXGroup section */

/* Begin PBXNativeTarget section */
		41E1741B236AF66900E6AA36 /* ElegantCamera */ = {
			isa = PBXNativeTarget;
			buildConfigurationList = 41E1744B236AF66C00E6AA36 /* Build configuration list for PBXNativeTarget "ElegantCamera" */;
			buildPhases = (
				4E20B3022AB97CC160AEC874 /* [CP] Check Pods Manifest.lock */,
				41E17418236AF66900E6AA36 /* Sources */,
				41E17419236AF66900E6AA36 /* Frameworks */,
				41E1741A236AF66900E6AA36 /* Resources */,
				EBCEFD3C19EFFDDDBF444DFB /* [CP] Embed Pods Frameworks */,
			);
			buildRules = (
			);
			dependencies = (
			);
			name = ElegantCamera;
			productName = ElegantCamera;
			productReference = 41E1741C236AF66900E6AA36 /* 玩拍.app */;
			productType = "com.apple.product-type.application";
		};
		41E17436236AF66C00E6AA36 /* ElegantCameraTests */ = {
			isa = PBXNativeTarget;
			buildConfigurationList = 41E1744E236AF66C00E6AA36 /* Build configuration list for PBXNativeTarget "ElegantCameraTests" */;
			buildPhases = (
				91BF48968987E61CC1198F7D /* [CP] Check Pods Manifest.lock */,
				41E17433236AF66C00E6AA36 /* Sources */,
				41E17434236AF66C00E6AA36 /* Frameworks */,
				41E17435236AF66C00E6AA36 /* Resources */,
			);
			buildRules = (
			);
			dependencies = (
				41E17439236AF66C00E6AA36 /* PBXTargetDependency */,
			);
			name = ElegantCameraTests;
			productName = ElegantCameraTests;
			productReference = 41E17437236AF66C00E6AA36 /* ElegantCameraTests.xctest */;
			productType = "com.apple.product-type.bundle.unit-test";
		};
		41E17441236AF66C00E6AA36 /* ElegantCameraUITests */ = {
			isa = PBXNativeTarget;
			buildConfigurationList = 41E17451236AF66C00E6AA36 /* Build configuration list for PBXNativeTarget "ElegantCameraUITests" */;
			buildPhases = (
				BC191D8C81B0645E194F09AA /* [CP] Check Pods Manifest.lock */,
				41E1743E236AF66C00E6AA36 /* Sources */,
				41E1743F236AF66C00E6AA36 /* Frameworks */,
				41E17440236AF66C00E6AA36 /* Resources */,
			);
			buildRules = (
			);
			dependencies = (
				41E17444236AF66C00E6AA36 /* PBXTargetDependency */,
			);
			name = ElegantCameraUITests;
			productName = ElegantCameraUITests;
			productReference = 41E17442236AF66C00E6AA36 /* ElegantCameraUITests.xctest */;
			productType = "com.apple.product-type.bundle.ui-testing";
		};
/* End PBXNativeTarget section */

/* Begin PBXProject section */
		41E17414236AF66900E6AA36 /* Project object */ = {
			isa = PBXProject;
			attributes = {
				LastUpgradeCheck = 1110;
				ORGANIZATIONNAME = Aka;
				TargetAttributes = {
					41E1741B236AF66900E6AA36 = {
						CreatedOnToolsVersion = 11.1;
					};
					41E17436236AF66C00E6AA36 = {
						CreatedOnToolsVersion = 11.1;
						TestTargetID = 41E1741B236AF66900E6AA36;
					};
					41E17441236AF66C00E6AA36 = {
						CreatedOnToolsVersion = 11.1;
						TestTargetID = 41E1741B236AF66900E6AA36;
					};
				};
			};
			buildConfigurationList = 41E17417236AF66900E6AA36 /* Build configuration list for PBXProject "ElegantCamera" */;
			compatibilityVersion = "Xcode 9.3";
			developmentRegion = en;
			hasScannedForEncodings = 0;
			knownRegions = (
				en,
				Base,
				de,
				ar,
				"zh-Hans",
				ja,
				es,
				da,
				it,
				ko,
				"zh-Hant",
				tr,
				pl,
				vi,
				ru,
				fr,
				id,
				nl,
				pt,
			);
			mainGroup = 41E17413236AF66900E6AA36;
			productRefGroup = 41E1741D236AF66900E6AA36 /* Products */;
			projectDirPath = "";
			projectRoot = "";
			targets = (
				41E1741B236AF66900E6AA36 /* ElegantCamera */,
				41E17436236AF66C00E6AA36 /* ElegantCameraTests */,
				41E17441236AF66C00E6AA36 /* ElegantCameraUITests */,
			);
		};
/* End PBXProject section */

/* Begin PBXResourcesBuildPhase section */
		41E1741A236AF66900E6AA36 /* Resources */ = {
			isa = PBXResourcesBuildPhase;
			buildActionMask = 2147483647;
			files = (
				41584D99237547B900191C37 /* WSProgressBundle.bundle in Resources */,
				41E1742F236AF66C00E6AA36 /* LaunchScreen.storyboard in Resources */,
				41E1742C236AF66C00E6AA36 /* Assets.xcassets in Resources */,
			);
			runOnlyForDeploymentPostprocessing = 0;
		};
		41E17435236AF66C00E6AA36 /* Resources */ = {
			isa = PBXResourcesBuildPhase;
			buildActionMask = 2147483647;
			files = (
			);
			runOnlyForDeploymentPostprocessing = 0;
		};
		41E17440236AF66C00E6AA36 /* Resources */ = {
			isa = PBXResourcesBuildPhase;
			buildActionMask = 2147483647;
			files = (
			);
			runOnlyForDeploymentPostprocessing = 0;
		};
/* End PBXResourcesBuildPhase section */

/* Begin PBXShellScriptBuildPhase section */
		4E20B3022AB97CC160AEC874 /* [CP] Check Pods Manifest.lock */ = {
			isa = PBXShellScriptBuildPhase;
			buildActionMask = 2147483647;
			files = (
			);
			inputFileListPaths = (
			);
			inputPaths = (
				"${PODS_PODFILE_DIR_PATH}/Podfile.lock",
				"${PODS_ROOT}/Manifest.lock",
			);
			name = "[CP] Check Pods Manifest.lock";
			outputFileListPaths = (
			);
			outputPaths = (
				"$(DERIVED_FILE_DIR)/Pods-ElegantCamera-checkManifestLockResult.txt",
			);
			runOnlyForDeploymentPostprocessing = 0;
			shellPath = /bin/sh;
			shellScript = "diff \"${PODS_PODFILE_DIR_PATH}/Podfile.lock\" \"${PODS_ROOT}/Manifest.lock\" > /dev/null\nif [ $? != 0 ] ; then\n    # print error to STDERR\n    echo \"error: The sandbox is not in sync with the Podfile.lock. Run 'pod install' or update your CocoaPods installation.\" >&2\n    exit 1\nfi\n# This output is used by Xcode 'outputs' to avoid re-running this script phase.\necho \"SUCCESS\" > \"${SCRIPT_OUTPUT_FILE_0}\"\n";
			showEnvVarsInLog = 0;
		};
		91BF48968987E61CC1198F7D /* [CP] Check Pods Manifest.lock */ = {
			isa = PBXShellScriptBuildPhase;
			buildActionMask = 2147483647;
			files = (
			);
			inputFileListPaths = (
			);
			inputPaths = (
				"${PODS_PODFILE_DIR_PATH}/Podfile.lock",
				"${PODS_ROOT}/Manifest.lock",
			);
			name = "[CP] Check Pods Manifest.lock";
			outputFileListPaths = (
			);
			outputPaths = (
				"$(DERIVED_FILE_DIR)/Pods-ElegantCameraTests-checkManifestLockResult.txt",
			);
			runOnlyForDeploymentPostprocessing = 0;
			shellPath = /bin/sh;
			shellScript = "diff \"${PODS_PODFILE_DIR_PATH}/Podfile.lock\" \"${PODS_ROOT}/Manifest.lock\" > /dev/null\nif [ $? != 0 ] ; then\n    # print error to STDERR\n    echo \"error: The sandbox is not in sync with the Podfile.lock. Run 'pod install' or update your CocoaPods installation.\" >&2\n    exit 1\nfi\n# This output is used by Xcode 'outputs' to avoid re-running this script phase.\necho \"SUCCESS\" > \"${SCRIPT_OUTPUT_FILE_0}\"\n";
			showEnvVarsInLog = 0;
		};
		BC191D8C81B0645E194F09AA /* [CP] Check Pods Manifest.lock */ = {
			isa = PBXShellScriptBuildPhase;
			buildActionMask = 2147483647;
			files = (
			);
			inputFileListPaths = (
			);
			inputPaths = (
				"${PODS_PODFILE_DIR_PATH}/Podfile.lock",
				"${PODS_ROOT}/Manifest.lock",
			);
			name = "[CP] Check Pods Manifest.lock";
			outputFileListPaths = (
			);
			outputPaths = (
				"$(DERIVED_FILE_DIR)/Pods-ElegantCameraUITests-checkManifestLockResult.txt",
			);
			runOnlyForDeploymentPostprocessing = 0;
			shellPath = /bin/sh;
			shellScript = "diff \"${PODS_PODFILE_DIR_PATH}/Podfile.lock\" \"${PODS_ROOT}/Manifest.lock\" > /dev/null\nif [ $? != 0 ] ; then\n    # print error to STDERR\n    echo \"error: The sandbox is not in sync with the Podfile.lock. Run 'pod install' or update your CocoaPods installation.\" >&2\n    exit 1\nfi\n# This output is used by Xcode 'outputs' to avoid re-running this script phase.\necho \"SUCCESS\" > \"${SCRIPT_OUTPUT_FILE_0}\"\n";
			showEnvVarsInLog = 0;
		};
		EBCEFD3C19EFFDDDBF444DFB /* [CP] Embed Pods Frameworks */ = {
			isa = PBXShellScriptBuildPhase;
			buildActionMask = 2147483647;
			files = (
			);
			inputFileListPaths = (
				"${PODS_ROOT}/Target Support Files/Pods-ElegantCamera/Pods-ElegantCamera-frameworks-${CONFIGURATION}-input-files.xcfilelist",
			);
			name = "[CP] Embed Pods Frameworks";
			outputFileListPaths = (
				"${PODS_ROOT}/Target Support Files/Pods-ElegantCamera/Pods-ElegantCamera-frameworks-${CONFIGURATION}-output-files.xcfilelist",
			);
			runOnlyForDeploymentPostprocessing = 0;
			shellPath = /bin/sh;
			shellScript = "\"${PODS_ROOT}/Target Support Files/Pods-ElegantCamera/Pods-ElegantCamera-frameworks.sh\"\n";
			showEnvVarsInLog = 0;
		};
/* End PBXShellScriptBuildPhase section */

/* Begin PBXSourcesBuildPhase section */
		41E17418236AF66900E6AA36 /* Sources */ = {
			isa = PBXSourcesBuildPhase;
			buildActionMask = 2147483647;
			files = (
				4172EC3925026BEB002012AF /* ECCameraSettingsView.m in Sources */,
				41584D8A2375476A00191C37 /* WKBaseView.m in Sources */,
				41DE8F5D237D31D2005F2D07 /* ECBaseCCell.m in Sources */,
				41795456237C25DF00AEC529 /* ECSettingsModel.m in Sources */,
				4172EC0725026AA3002012AF /* ECUserAgreementViewController.m in Sources */,
				415D8410236FCED1002F2DBB /* ECTakenEmoctionView.m in Sources */,
				4172EC3C25026BEB002012AF /* ECCameraPreviewView.m in Sources */,
				415D842223701BED002F2DBB /* ECGradientView.m in Sources */,
				41584D9D2375491400191C37 /* WKViewManager.m in Sources */,
				4172EC0B25026AA3002012AF /* ECFeedbackViewController.m in Sources */,
				41917807237989B70081FD8B /* ECBaseTV.m in Sources */,
				41584D9A237547B900191C37 /* MMMaterialDesignSpinner.m in Sources */,
				4172EC2125026BB2002012AF /* AppDelegate.m in Sources */,
				4172EC2225026BB2002012AF /* SceneDelegate.m in Sources */,
				4172EC3D25026BEB002012AF /* ECMainView.m in Sources */,
				415D83FF236FC84D002F2DBB /* ECBaseNavViewController.m in Sources */,
				415D8407236FCE36002F2DBB /* ECHotTakenView.m in Sources */,
				4172EBF42501E7C4002012AF /* LGButton.m in Sources */,
				4172EC1725026B18002012AF /* ECSettingsCircleSelectTCell.m in Sources */,
				4172EC1A25026B18002012AF /* ECSettingsTextTCell.m in Sources */,
				4172EBFC250267BF002012AF /* UIColor+Hex.m in Sources */,
				415D8403236FCC0A002F2DBB /* ECMediaTakenView.m in Sources */,
				4172EC1825026B18002012AF /* ECSettingsRightArrowTCell.m in Sources */,
				4172EC0925026AA3002012AF /* ECSettingsViewController.m in Sources */,
				4172EC3E25026BEB002012AF /* ECOperationPannelView.m in Sources */,
				4172EC1625026B18002012AF /* ECSettingsBaseTCell.m in Sources */,
				4172EBF52501E7C4002012AF /* JXButton.m in Sources */,
				41E96AAD237ADFCD004DD031 /* ECBaseTCell.m in Sources */,
				4172EC0825026AA3002012AF /* ECWaterMarkViewController.m in Sources */,
				4172EC1925026B18002012AF /* ECSettingsSwitchTCell.m in Sources */,
				4191780A237989CF0081FD8B /* ECBaseCV.m in Sources */,
				415D8415236FD1F1002F2DBB /* UIView+ECAdd.m in Sources */,
				4172EC3B25026BEB002012AF /* ECMainViewController.m in Sources */,
				41DE8F52237C397B005F2D07 /* UIApplication+ECAdd.m in Sources */,
				41584D98237547B900191C37 /* WSIndefiniteAnimationView.m in Sources */,
				4172EC3A25026BEB002012AF /* ECTakenManger.m in Sources */,
				41584D8B2375476A00191C37 /* WKPopBaseView.m in Sources */,
				419177FD237981200081FD8B /* ECBaseView.m in Sources */,
				415D840A236FCEB2002F2DBB /* ECTakenPhotoView.m in Sources */,
				4172EC0A25026AA3002012AF /* ECPrivacyPolicyViewController.m in Sources */,
				41E17459236BC71A00E6AA36 /* ECBaseViewController.m in Sources */,
				4172EC2025026BB2002012AF /* main.m in Sources */,
				41584DA02375493D00191C37 /* AppDelegate+visableVC.m in Sources */,
				41584D8E2375478900191C37 /* NSObject+WKKeyboardIsShow.m in Sources */,
				415D841E2370006A002F2DBB /* NSMutableDictionary+ECAdd.m in Sources */,
				41584DA623754AA400191C37 /* NSMutableArray+ECAdd.m in Sources */,
				41DE8F57237C3BE2005F2D07 /* ECWebViewViewController.m in Sources */,
				41584D97237547B900191C37 /* WSProgressHUD.m in Sources */,
				415D840D236FCEC0002F2DBB /* ECTakenVideoView.m in Sources */,
				41584DA92375535700191C37 /* ECIconDescControl.m in Sources */,
				4172EC3725026BEB002012AF /* ECPreviewRatioView.m in Sources */,
				4172EC3825026BEB002012AF /* ECCameraSettingsMoreView.m in Sources */,
			);
			runOnlyForDeploymentPostprocessing = 0;
		};
		41E17433236AF66C00E6AA36 /* Sources */ = {
			isa = PBXSourcesBuildPhase;
			buildActionMask = 2147483647;
			files = (
				41E1743C236AF66C00E6AA36 /* ElegantCameraTests.m in Sources */,
			);
			runOnlyForDeploymentPostprocessing = 0;
		};
		41E1743E236AF66C00E6AA36 /* Sources */ = {
			isa = PBXSourcesBuildPhase;
			buildActionMask = 2147483647;
			files = (
				41E17447236AF66C00E6AA36 /* ElegantCameraUITests.m in Sources */,
			);
			runOnlyForDeploymentPostprocessing = 0;
		};
/* End PBXSourcesBuildPhase section */

/* Begin PBXTargetDependency section */
		41E17439236AF66C00E6AA36 /* PBXTargetDependency */ = {
			isa = PBXTargetDependency;
			target = 41E1741B236AF66900E6AA36 /* ElegantCamera */;
			targetProxy = 41E17438236AF66C00E6AA36 /* PBXContainerItemProxy */;
		};
		41E17444236AF66C00E6AA36 /* PBXTargetDependency */ = {
			isa = PBXTargetDependency;
			target = 41E1741B236AF66900E6AA36 /* ElegantCamera */;
			targetProxy = 41E17443236AF66C00E6AA36 /* PBXContainerItemProxy */;
		};
/* End PBXTargetDependency section */

/* Begin PBXVariantGroup section */
		41E1742D236AF66C00E6AA36 /* LaunchScreen.storyboard */ = {
			isa = PBXVariantGroup;
			children = (
				41E1742E236AF66C00E6AA36 /* Base */,
			);
			name = LaunchScreen.storyboard;
			sourceTree = "<group>";
		};
/* End PBXVariantGroup section */

/* Begin XCBuildConfiguration section */
		41E17449236AF66C00E6AA36 /* Debug */ = {
			isa = XCBuildConfiguration;
			buildSettings = {
				ALWAYS_SEARCH_USER_PATHS = NO;
				CLANG_ANALYZER_NONNULL = YES;
				CLANG_ANALYZER_NUMBER_OBJECT_CONVERSION = YES_AGGRESSIVE;
				CLANG_CXX_LANGUAGE_STANDARD = "gnu++14";
				CLANG_CXX_LIBRARY = "libc++";
				CLANG_ENABLE_MODULES = YES;
				CLANG_ENABLE_OBJC_ARC = YES;
				CLANG_ENABLE_OBJC_WEAK = YES;
				CLANG_WARN_BLOCK_CAPTURE_AUTORELEASING = YES;
				CLANG_WARN_BOOL_CONVERSION = YES;
				CLANG_WARN_COMMA = YES;
				CLANG_WARN_CONSTANT_CONVERSION = YES;
				CLANG_WARN_DEPRECATED_OBJC_IMPLEMENTATIONS = YES;
				CLANG_WARN_DIRECT_OBJC_ISA_USAGE = YES_ERROR;
				CLANG_WARN_DOCUMENTATION_COMMENTS = YES;
				CLANG_WARN_EMPTY_BODY = YES;
				CLANG_WARN_ENUM_CONVERSION = YES;
				CLANG_WARN_INFINITE_RECURSION = YES;
				CLANG_WARN_INT_CONVERSION = YES;
				CLANG_WARN_NON_LITERAL_NULL_CONVERSION = YES;
				CLANG_WARN_OBJC_IMPLICIT_RETAIN_SELF = YES;
				CLANG_WARN_OBJC_LITERAL_CONVERSION = YES;
				CLANG_WARN_OBJC_ROOT_CLASS = YES_ERROR;
				CLANG_WARN_RANGE_LOOP_ANALYSIS = YES;
				CLANG_WARN_STRICT_PROTOTYPES = YES;
				CLANG_WARN_SUSPICIOUS_MOVE = YES;
				CLANG_WARN_UNGUARDED_AVAILABILITY = YES_AGGRESSIVE;
				CLANG_WARN_UNREACHABLE_CODE = YES;
				CLANG_WARN__DUPLICATE_METHOD_MATCH = YES;
				COPY_PHASE_STRIP = NO;
				DEBUG_INFORMATION_FORMAT = dwarf;
				ENABLE_STRICT_OBJC_MSGSEND = YES;
				ENABLE_TESTABILITY = YES;
				GCC_C_LANGUAGE_STANDARD = gnu11;
				GCC_DYNAMIC_NO_PIC = NO;
				GCC_NO_COMMON_BLOCKS = YES;
				GCC_OPTIMIZATION_LEVEL = 0;
				GCC_PREPROCESSOR_DEFINITIONS = (
					"DEBUG=1",
					"$(inherited)",
				);
				GCC_WARN_64_TO_32_BIT_CONVERSION = YES;
				GCC_WARN_ABOUT_RETURN_TYPE = YES_ERROR;
				GCC_WARN_UNDECLARED_SELECTOR = YES;
				GCC_WARN_UNINITIALIZED_AUTOS = YES_AGGRESSIVE;
				GCC_WARN_UNUSED_FUNCTION = YES;
				GCC_WARN_UNUSED_VARIABLE = YES;
				IPHONEOS_DEPLOYMENT_TARGET = 8.0;
				MTL_ENABLE_DEBUG_INFO = INCLUDE_SOURCE;
				MTL_FAST_MATH = YES;
				ONLY_ACTIVE_ARCH = YES;
				SDKROOT = iphoneos;
			};
			name = Debug;
		};
		41E1744A236AF66C00E6AA36 /* Release */ = {
			isa = XCBuildConfiguration;
			buildSettings = {
				ALWAYS_SEARCH_USER_PATHS = NO;
				CLANG_ANALYZER_NONNULL = YES;
				CLANG_ANALYZER_NUMBER_OBJECT_CONVERSION = YES_AGGRESSIVE;
				CLANG_CXX_LANGUAGE_STANDARD = "gnu++14";
				CLANG_CXX_LIBRARY = "libc++";
				CLANG_ENABLE_MODULES = YES;
				CLANG_ENABLE_OBJC_ARC = YES;
				CLANG_ENABLE_OBJC_WEAK = YES;
				CLANG_WARN_BLOCK_CAPTURE_AUTORELEASING = YES;
				CLANG_WARN_BOOL_CONVERSION = YES;
				CLANG_WARN_COMMA = YES;
				CLANG_WARN_CONSTANT_CONVERSION = YES;
				CLANG_WARN_DEPRECATED_OBJC_IMPLEMENTATIONS = YES;
				CLANG_WARN_DIRECT_OBJC_ISA_USAGE = YES_ERROR;
				CLANG_WARN_DOCUMENTATION_COMMENTS = YES;
				CLANG_WARN_EMPTY_BODY = YES;
				CLANG_WARN_ENUM_CONVERSION = YES;
				CLANG_WARN_INFINITE_RECURSION = YES;
				CLANG_WARN_INT_CONVERSION = YES;
				CLANG_WARN_NON_LITERAL_NULL_CONVERSION = YES;
				CLANG_WARN_OBJC_IMPLICIT_RETAIN_SELF = YES;
				CLANG_WARN_OBJC_LITERAL_CONVERSION = YES;
				CLANG_WARN_OBJC_ROOT_CLASS = YES_ERROR;
				CLANG_WARN_RANGE_LOOP_ANALYSIS = YES;
				CLANG_WARN_STRICT_PROTOTYPES = YES;
				CLANG_WARN_SUSPICIOUS_MOVE = YES;
				CLANG_WARN_UNGUARDED_AVAILABILITY = YES_AGGRESSIVE;
				CLANG_WARN_UNREACHABLE_CODE = YES;
				CLANG_WARN__DUPLICATE_METHOD_MATCH = YES;
				COPY_PHASE_STRIP = NO;
				DEBUG_INFORMATION_FORMAT = "dwarf-with-dsym";
				ENABLE_NS_ASSERTIONS = NO;
				ENABLE_STRICT_OBJC_MSGSEND = YES;
				GCC_C_LANGUAGE_STANDARD = gnu11;
				GCC_NO_COMMON_BLOCKS = YES;
				GCC_WARN_64_TO_32_BIT_CONVERSION = YES;
				GCC_WARN_ABOUT_RETURN_TYPE = YES_ERROR;
				GCC_WARN_UNDECLARED_SELECTOR = YES;
				GCC_WARN_UNINITIALIZED_AUTOS = YES_AGGRESSIVE;
				GCC_WARN_UNUSED_FUNCTION = YES;
				GCC_WARN_UNUSED_VARIABLE = YES;
				IPHONEOS_DEPLOYMENT_TARGET = 8.0;
				MTL_ENABLE_DEBUG_INFO = NO;
				MTL_FAST_MATH = YES;
				SDKROOT = iphoneos;
				VALIDATE_PRODUCT = YES;
			};
			name = Release;
		};
		41E1744C236AF66C00E6AA36 /* Debug */ = {
			isa = XCBuildConfiguration;
			baseConfigurationReference = C9401CBD6E4EACED812083DA /* Pods-ElegantCamera.debug.xcconfig */;
			buildSettings = {
				ASSETCATALOG_COMPILER_APPICON_NAME = AppIcon;
				CODE_SIGN_ENTITLEMENTS = ElegantCamera/ElegantCamera.entitlements;
				CODE_SIGN_STYLE = Automatic;
				CURRENT_PROJECT_VERSION = 1.0.0;
				DEVELOPMENT_TEAM = H9F6F9M7N5;
				GCC_PREFIX_HEADER = "$(SRCROOT)/$(PROJECT_NAME)/Macro/ECMacroPrefixHeader.pch";
				INFOPLIST_FILE = ElegantCamera/Info.plist;
				IPHONEOS_DEPLOYMENT_TARGET = 9.0;
				LD_RUNPATH_SEARCH_PATHS = (
					"$(inherited)",
					"@executable_path/Frameworks",
				);
				MARKETING_VERSION = 1.0;
				PRODUCT_BUNDLE_IDENTIFIER = com.comic.ismh;
				PRODUCT_NAME = "玩拍";
				SUPPORTS_MACCATALYST = NO;
				TARGETED_DEVICE_FAMILY = 1;
			};
			name = Debug;
		};
		41E1744D236AF66C00E6AA36 /* Release */ = {
			isa = XCBuildConfiguration;
			baseConfigurationReference = D3261DE4D208C06805F70B09 /* Pods-ElegantCamera.release.xcconfig */;
			buildSettings = {
				ASSETCATALOG_COMPILER_APPICON_NAME = AppIcon;
				CODE_SIGN_ENTITLEMENTS = ElegantCamera/ElegantCamera.entitlements;
				CODE_SIGN_STYLE = Automatic;
				CURRENT_PROJECT_VERSION = 1.0.0;
				DEVELOPMENT_TEAM = H9F6F9M7N5;
				GCC_PREFIX_HEADER = "$(SRCROOT)/$(PROJECT_NAME)/Macro/ECMacroPrefixHeader.pch";
				INFOPLIST_FILE = ElegantCamera/Info.plist;
				IPHONEOS_DEPLOYMENT_TARGET = 9.0;
				LD_RUNPATH_SEARCH_PATHS = (
					"$(inherited)",
					"@executable_path/Frameworks",
				);
				MARKETING_VERSION = 1.0;
				PRODUCT_BUNDLE_IDENTIFIER = com.comic.ismh;
				PRODUCT_NAME = "玩拍";
				SUPPORTS_MACCATALYST = NO;
				TARGETED_DEVICE_FAMILY = 1;
			};
			name = Release;
		};
		41E1744F236AF66C00E6AA36 /* Debug */ = {
			isa = XCBuildConfiguration;
			baseConfigurationReference = D16B9E0D16AD4B1E5FCB8598 /* Pods-ElegantCameraTests.debug.xcconfig */;
			buildSettings = {
				BUNDLE_LOADER = "$(TEST_HOST)";
				CODE_SIGN_STYLE = Automatic;
				DEVELOPMENT_TEAM = D2XBEJ6876;
				INFOPLIST_FILE = ElegantCameraTests/Info.plist;
				IPHONEOS_DEPLOYMENT_TARGET = 13.1;
				LD_RUNPATH_SEARCH_PATHS = (
					"$(inherited)",
					"@executable_path/Frameworks",
					"@loader_path/Frameworks",
				);
				PRODUCT_BUNDLE_IDENTIFIER = com.helinyu.music.ElegantCameraTests;
				PRODUCT_NAME = "$(TARGET_NAME)";
				TARGETED_DEVICE_FAMILY = "1,2";
				TEST_HOST = "$(BUILT_PRODUCTS_DIR)/ElegantCamera.app/ElegantCamera";
			};
			name = Debug;
		};
		41E17450236AF66C00E6AA36 /* Release */ = {
			isa = XCBuildConfiguration;
			baseConfigurationReference = F37F95393E7A03B7471E74AF /* Pods-ElegantCameraTests.release.xcconfig */;
			buildSettings = {
				BUNDLE_LOADER = "$(TEST_HOST)";
				CODE_SIGN_STYLE = Automatic;
				DEVELOPMENT_TEAM = D2XBEJ6876;
				INFOPLIST_FILE = ElegantCameraTests/Info.plist;
				IPHONEOS_DEPLOYMENT_TARGET = 13.1;
				LD_RUNPATH_SEARCH_PATHS = (
					"$(inherited)",
					"@executable_path/Frameworks",
					"@loader_path/Frameworks",
				);
				PRODUCT_BUNDLE_IDENTIFIER = com.helinyu.music.ElegantCameraTests;
				PRODUCT_NAME = "$(TARGET_NAME)";
				TARGETED_DEVICE_FAMILY = "1,2";
				TEST_HOST = "$(BUILT_PRODUCTS_DIR)/ElegantCamera.app/ElegantCamera";
			};
			name = Release;
		};
		41E17452236AF66C00E6AA36 /* Debug */ = {
			isa = XCBuildConfiguration;
			baseConfigurationReference = C5AC82C59CD17455D9651E90 /* Pods-ElegantCameraUITests.debug.xcconfig */;
			buildSettings = {
				CODE_SIGN_STYLE = Automatic;
				DEVELOPMENT_TEAM = D2XBEJ6876;
				INFOPLIST_FILE = ElegantCameraUITests/Info.plist;
				LD_RUNPATH_SEARCH_PATHS = (
					"$(inherited)",
					"@executable_path/Frameworks",
					"@loader_path/Frameworks",
				);
				PRODUCT_BUNDLE_IDENTIFIER = com.helinyu.music.ElegantCameraUITests;
				PRODUCT_NAME = "$(TARGET_NAME)";
				TARGETED_DEVICE_FAMILY = "1,2";
				TEST_TARGET_NAME = ElegantCamera;
			};
			name = Debug;
		};
		41E17453236AF66C00E6AA36 /* Release */ = {
			isa = XCBuildConfiguration;
			baseConfigurationReference = 116988AD4658FCEC4314B853 /* Pods-ElegantCameraUITests.release.xcconfig */;
			buildSettings = {
				CODE_SIGN_STYLE = Automatic;
				DEVELOPMENT_TEAM = D2XBEJ6876;
				INFOPLIST_FILE = ElegantCameraUITests/Info.plist;
				LD_RUNPATH_SEARCH_PATHS = (
					"$(inherited)",
					"@executable_path/Frameworks",
					"@loader_path/Frameworks",
				);
				PRODUCT_BUNDLE_IDENTIFIER = com.helinyu.music.ElegantCameraUITests;
				PRODUCT_NAME = "$(TARGET_NAME)";
				TARGETED_DEVICE_FAMILY = "1,2";
				TEST_TARGET_NAME = ElegantCamera;
			};
			name = Release;
		};
/* End XCBuildConfiguration section */

/* Begin XCConfigurationList section */
		41E17417236AF66900E6AA36 /* Build configuration list for PBXProject "ElegantCamera" */ = {
			isa = XCConfigurationList;
			buildConfigurations = (
				41E17449236AF66C00E6AA36 /* Debug */,
				41E1744A236AF66C00E6AA36 /* Release */,
			);
			defaultConfigurationIsVisible = 0;
			defaultConfigurationName = Release;
		};
		41E1744B236AF66C00E6AA36 /* Build configuration list for PBXNativeTarget "ElegantCamera" */ = {
			isa = XCConfigurationList;
			buildConfigurations = (
				41E1744C236AF66C00E6AA36 /* Debug */,
				41E1744D236AF66C00E6AA36 /* Release */,
			);
			defaultConfigurationIsVisible = 0;
			defaultConfigurationName = Release;
		};
		41E1744E236AF66C00E6AA36 /* Build configuration list for PBXNativeTarget "ElegantCameraTests" */ = {
			isa = XCConfigurationList;
			buildConfigurations = (
				41E1744F236AF66C00E6AA36 /* Debug */,
				41E17450236AF66C00E6AA36 /* Release */,
			);
			defaultConfigurationIsVisible = 0;
			defaultConfigurationName = Release;
		};
		41E17451236AF66C00E6AA36 /* Build configuration list for PBXNativeTarget "ElegantCameraUITests" */ = {
			isa = XCConfigurationList;
			buildConfigurations = (
				41E17452236AF66C00E6AA36 /* Debug */,
				41E17453236AF66C00E6AA36 /* Release */,
			);
			defaultConfigurationIsVisible = 0;
			defaultConfigurationName = Release;
		};
/* End XCConfigurationList section */
	};
	rootObject = 41E17414236AF66900E6AA36 /* Project object */;
}
